// !$*UTF8*$!
{
	archiveVersion = 1;
	classes = {
	};
	objectVersion = 55;
	objects = {

/* Begin PBXBuildFile section */
		FF05AD6628171F31001C9783 /* ListViewController.swift in Sources */ = {isa = PBXBuildFile; fileRef = FF05AD6528171F31001C9783 /* ListViewController.swift */; };
		FF05AD682817206F001C9783 /* ListView.swift in Sources */ = {isa = PBXBuildFile; fileRef = FF05AD672817206F001C9783 /* ListView.swift */; };
		FF05AD6B281728FC001C9783 /* ListTableViewCell.swift in Sources */ = {isa = PBXBuildFile; fileRef = FF05AD6A281728FC001C9783 /* ListTableViewCell.swift */; };
		FF05AD6D28172CAD001C9783 /* ConstantSize.swift in Sources */ = {isa = PBXBuildFile; fileRef = FF05AD6C28172CAD001C9783 /* ConstantSize.swift */; };
		FF05AD6F2818708C001C9783 /* ConstantColor.swift in Sources */ = {isa = PBXBuildFile; fileRef = FF05AD6E2818708C001C9783 /* ConstantColor.swift */; };
		FF54229B2801B5A600E93AF0 /* AppDelegate.swift in Sources */ = {isa = PBXBuildFile; fileRef = FF54229A2801B5A600E93AF0 /* AppDelegate.swift */; };
		FF54229D2801B5A600E93AF0 /* SceneDelegate.swift in Sources */ = {isa = PBXBuildFile; fileRef = FF54229C2801B5A600E93AF0 /* SceneDelegate.swift */; };
		FF54229F2801B5A600E93AF0 /* ViewController.swift in Sources */ = {isa = PBXBuildFile; fileRef = FF54229E2801B5A600E93AF0 /* ViewController.swift */; };
		FF5422A42801B5A800E93AF0 /* Assets.xcassets in Resources */ = {isa = PBXBuildFile; fileRef = FF5422A32801B5A800E93AF0 /* Assets.xcassets */; };
		FF5422A72801B5A800E93AF0 /* LaunchScreen.storyboard in Resources */ = {isa = PBXBuildFile; fileRef = FF5422A52801B5A800E93AF0 /* LaunchScreen.storyboard */; };
		FF5422B42801B8B300E93AF0 /* Contact.swift in Sources */ = {isa = PBXBuildFile; fileRef = FF5422B32801B8B300E93AF0 /* Contact.swift */; };
		FF5422BC2804962700E93AF0 /* FetchableContacts.swift in Sources */ = {isa = PBXBuildFile; fileRef = FF5422BB2804962700E93AF0 /* FetchableContacts.swift */; };
		FF5422BF280498DC00E93AF0 /* ContactStore+Ex.swift in Sources */ = {isa = PBXBuildFile; fileRef = FF5422BE280498DB00E93AF0 /* ContactStore+Ex.swift */; };
		FF5422C52807359800E93AF0 /* ImportViewController.swift in Sources */ = {isa = PBXBuildFile; fileRef = FF5422C42807359800E93AF0 /* ImportViewController.swift */; };
		FF5422C72807381200E93AF0 /* ImportView.swift in Sources */ = {isa = PBXBuildFile; fileRef = FF5422C62807381200E93AF0 /* ImportView.swift */; };
		FF5422C92807383F00E93AF0 /* ImportButton.swift in Sources */ = {isa = PBXBuildFile; fileRef = FF5422C82807383F00E93AF0 /* ImportButton.swift */; };
		FF5422CF28073B5900E93AF0 /* Localizable.strings in Resources */ = {isa = PBXBuildFile; fileRef = FF5422D128073B5900E93AF0 /* Localizable.strings */; };
		FF5422D528073BD200E93AF0 /* ConstantString.swift in Sources */ = {isa = PBXBuildFile; fileRef = FF5422D428073BD200E93AF0 /* ConstantString.swift */; };
		FF6BD35B28396FA7007F846C /* CloseButton.swift in Sources */ = {isa = PBXBuildFile; fileRef = FF6BD35A28396FA7007F846C /* CloseButton.swift */; };
		FFB3FD4F280751BF00B45D74 /* InfoPlist.strings in Resources */ = {isa = PBXBuildFile; fileRef = FFB3FD51280751BF00B45D74 /* InfoPlist.strings */; };
/* End PBXBuildFile section */

/* Begin PBXFileReference section */
		FF05AD6528171F31001C9783 /* ListViewController.swift */ = {isa = PBXFileReference; lastKnownFileType = sourcecode.swift; path = ListViewController.swift; sourceTree = "<group>"; };
		FF05AD672817206F001C9783 /* ListView.swift */ = {isa = PBXFileReference; lastKnownFileType = sourcecode.swift; path = ListView.swift; sourceTree = "<group>"; };
		FF05AD6A281728FC001C9783 /* ListTableViewCell.swift */ = {isa = PBXFileReference; lastKnownFileType = sourcecode.swift; path = ListTableViewCell.swift; sourceTree = "<group>"; };
		FF05AD6C28172CAD001C9783 /* ConstantSize.swift */ = {isa = PBXFileReference; lastKnownFileType = sourcecode.swift; path = ConstantSize.swift; sourceTree = "<group>"; };
		FF05AD6E2818708C001C9783 /* ConstantColor.swift */ = {isa = PBXFileReference; lastKnownFileType = sourcecode.swift; path = ConstantColor.swift; sourceTree = "<group>"; };
		FF5422972801B5A600E93AF0 /* SPContacts.app */ = {isa = PBXFileReference; explicitFileType = wrapper.application; includeInIndex = 0; path = SPContacts.app; sourceTree = BUILT_PRODUCTS_DIR; };
		FF54229A2801B5A600E93AF0 /* AppDelegate.swift */ = {isa = PBXFileReference; lastKnownFileType = sourcecode.swift; path = AppDelegate.swift; sourceTree = "<group>"; };
		FF54229C2801B5A600E93AF0 /* SceneDelegate.swift */ = {isa = PBXFileReference; lastKnownFileType = sourcecode.swift; path = SceneDelegate.swift; sourceTree = "<group>"; };
		FF54229E2801B5A600E93AF0 /* ViewController.swift */ = {isa = PBXFileReference; lastKnownFileType = sourcecode.swift; path = ViewController.swift; sourceTree = "<group>"; };
		FF5422A32801B5A800E93AF0 /* Assets.xcassets */ = {isa = PBXFileReference; lastKnownFileType = folder.assetcatalog; path = Assets.xcassets; sourceTree = "<group>"; };
		FF5422A62801B5A800E93AF0 /* Base */ = {isa = PBXFileReference; lastKnownFileType = file.storyboard; name = Base; path = Base.lproj/LaunchScreen.storyboard; sourceTree = "<group>"; };
		FF5422B32801B8B300E93AF0 /* Contact.swift */ = {isa = PBXFileReference; lastKnownFileType = sourcecode.swift; path = Contact.swift; sourceTree = "<group>"; };
		FF5422BB2804962700E93AF0 /* FetchableContacts.swift */ = {isa = PBXFileReference; lastKnownFileType = sourcecode.swift; path = FetchableContacts.swift; sourceTree = "<group>"; };
		FF5422BE280498DB00E93AF0 /* ContactStore+Ex.swift */ = {isa = PBXFileReference; lastKnownFileType = sourcecode.swift; path = "ContactStore+Ex.swift"; sourceTree = "<group>"; };
		FF5422C42807359800E93AF0 /* ImportViewController.swift */ = {isa = PBXFileReference; lastKnownFileType = sourcecode.swift; path = ImportViewController.swift; sourceTree = "<group>"; };
		FF5422C62807381200E93AF0 /* ImportView.swift */ = {isa = PBXFileReference; lastKnownFileType = sourcecode.swift; path = ImportView.swift; sourceTree = "<group>"; };
		FF5422C82807383F00E93AF0 /* ImportButton.swift */ = {isa = PBXFileReference; lastKnownFileType = sourcecode.swift; path = ImportButton.swift; sourceTree = "<group>"; };
		FF5422D028073B5900E93AF0 /* en */ = {isa = PBXFileReference; lastKnownFileType = text.plist.strings; name = en; path = en.lproj/Localizable.strings; sourceTree = "<group>"; };
		FF5422D228073B5C00E93AF0 /* ru */ = {isa = PBXFileReference; lastKnownFileType = text.plist.strings; name = ru; path = ru.lproj/Localizable.strings; sourceTree = "<group>"; };
		FF5422D428073BD200E93AF0 /* ConstantString.swift */ = {isa = PBXFileReference; lastKnownFileType = sourcecode.swift; path = ConstantString.swift; sourceTree = "<group>"; };
		FF6BD35A28396FA7007F846C /* CloseButton.swift */ = {isa = PBXFileReference; lastKnownFileType = sourcecode.swift; path = CloseButton.swift; sourceTree = "<group>"; };
		FFB3FD50280751BF00B45D74 /* en */ = {isa = PBXFileReference; lastKnownFileType = text.plist.strings; name = en; path = en.lproj/InfoPlist.strings; sourceTree = "<group>"; };
		FFB3FD52280751C200B45D74 /* ru */ = {isa = PBXFileReference; lastKnownFileType = text.plist.strings; name = ru; path = ru.lproj/InfoPlist.strings; sourceTree = "<group>"; };
		FFFF7DB028074EAC00ACA7A7 /* Info.plist */ = {isa = PBXFileReference; fileEncoding = 4; lastKnownFileType = text.plist.xml; path = Info.plist; sourceTree = "<group>"; };
/* End PBXFileReference section */

/* Begin PBXFrameworksBuildPhase section */
		FF5422942801B5A600E93AF0 /* Frameworks */ = {
			isa = PBXFrameworksBuildPhase;
			buildActionMask = 2147483647;
			files = (
			);
			runOnlyForDeploymentPostprocessing = 0;
		};
/* End PBXFrameworksBuildPhase section */

/* Begin PBXGroup section */
		FF05AD5F28171E6A001C9783 /* Model */ = {
			isa = PBXGroup;
			children = (
			);
			path = Model;
			sourceTree = "<group>";
		};
		FF05AD6028171E7E001C9783 /* View */ = {
			isa = PBXGroup;
			children = (
			);
			path = View;
			sourceTree = "<group>";
		};
		FF05AD6128171EAD001C9783 /* Controller */ = {
			isa = PBXGroup;
			children = (
			);
			path = Controller;
			sourceTree = "<group>";
		};
		FF05AD6228171ED2001C9783 /* Controller */ = {
			isa = PBXGroup;
			children = (
				FF05AD6528171F31001C9783 /* ListViewController.swift */,
			);
			path = Controller;
			sourceTree = "<group>";
		};
		FF05AD6328171EE9001C9783 /* View */ = {
			isa = PBXGroup;
			children = (
				FF05AD6928172893001C9783 /* Subview */,
				FF05AD672817206F001C9783 /* ListView.swift */,
			);
			path = View;
			sourceTree = "<group>";
		};
		FF05AD6428171EF1001C9783 /* Model */ = {
			isa = PBXGroup;
			children = (
			);
			path = Model;
			sourceTree = "<group>";
		};
		FF05AD6928172893001C9783 /* Subview */ = {
			isa = PBXGroup;
			children = (
				FF05AD6A281728FC001C9783 /* ListTableViewCell.swift */,
			);
			path = Subview;
			sourceTree = "<group>";
		};
		FF54228E2801B5A500E93AF0 = {
			isa = PBXGroup;
			children = (
				FF5422992801B5A600E93AF0 /* SPContacts */,
				FF5422982801B5A600E93AF0 /* Products */,
			);
			sourceTree = "<group>";
		};
		FF5422982801B5A600E93AF0 /* Products */ = {
			isa = PBXGroup;
			children = (
				FF5422972801B5A600E93AF0 /* SPContacts.app */,
			);
			name = Products;
			sourceTree = "<group>";
		};
		FF5422992801B5A600E93AF0 /* SPContacts */ = {
			isa = PBXGroup;
			children = (
				FF5422D328073BB200E93AF0 /* Constants */,
				FF5422CC28073B2700E93AF0 /* Localizable */,
				FF5422BD2804985900E93AF0 /* Extensions */,
				FF5422BA280495A700E93AF0 /* Protocols */,
				FF5422AE2801B84200E93AF0 /* Modules */,
				FF54229A2801B5A600E93AF0 /* AppDelegate.swift */,
				FF54229C2801B5A600E93AF0 /* SceneDelegate.swift */,
				FF54229E2801B5A600E93AF0 /* ViewController.swift */,
				FF5422A32801B5A800E93AF0 /* Assets.xcassets */,
				FF5422A52801B5A800E93AF0 /* LaunchScreen.storyboard */,
				FFFF7DB028074EAC00ACA7A7 /* Info.plist */,
				FFB3FD51280751BF00B45D74 /* InfoPlist.strings */,
			);
			path = SPContacts;
			sourceTree = "<group>";
		};
		FF5422AE2801B84200E93AF0 /* Modules */ = {
			isa = PBXGroup;
			children = (
				FF5422B62801B9EA00E93AF0 /* DetailsContacts */,
				FF5422B52801B9BD00E93AF0 /* ImportContacts */,
				FF5422AF2801B86300E93AF0 /* ListContacts */,
			);
			path = Modules;
			sourceTree = "<group>";
		};
		FF5422AF2801B86300E93AF0 /* ListContacts */ = {
			isa = PBXGroup;
			children = (
				FF05AD6428171EF1001C9783 /* Model */,
				FF05AD6328171EE9001C9783 /* View */,
				FF05AD6228171ED2001C9783 /* Controller */,
			);
			path = ListContacts;
			sourceTree = "<group>";
		};
		FF5422B52801B9BD00E93AF0 /* ImportContacts */ = {
			isa = PBXGroup;
			children = (
				FF5422C02804B18B00E93AF0 /* Model */,
				FF5422C3280734C800E93AF0 /* View */,
				FF5422C2280734A300E93AF0 /* Controller */,
			);
			path = ImportContacts;
			sourceTree = "<group>";
		};
		FF5422B62801B9EA00E93AF0 /* DetailsContacts */ = {
			isa = PBXGroup;
			children = (
				FF05AD5F28171E6A001C9783 /* Model */,
				FF05AD6028171E7E001C9783 /* View */,
				FF05AD6128171EAD001C9783 /* Controller */,
			);
			path = DetailsContacts;
			sourceTree = "<group>";
		};
		FF5422BA280495A700E93AF0 /* Protocols */ = {
			isa = PBXGroup;
			children = (
				FF5422BB2804962700E93AF0 /* FetchableContacts.swift */,
			);
			path = Protocols;
			sourceTree = "<group>";
		};
		FF5422BD2804985900E93AF0 /* Extensions */ = {
			isa = PBXGroup;
			children = (
				FF5422BE280498DB00E93AF0 /* ContactStore+Ex.swift */,
			);
			path = Extensions;
			sourceTree = "<group>";
		};
		FF5422C02804B18B00E93AF0 /* Model */ = {
			isa = PBXGroup;
			children = (
				FF5422B32801B8B300E93AF0 /* Contact.swift */,
			);
			path = Model;
			sourceTree = "<group>";
		};
		FF5422C2280734A300E93AF0 /* Controller */ = {
			isa = PBXGroup;
			children = (
				FF5422C42807359800E93AF0 /* ImportViewController.swift */,
			);
			path = Controller;
			sourceTree = "<group>";
		};
		FF5422C3280734C800E93AF0 /* View */ = {
			isa = PBXGroup;
			children = (
				FF5422CA2807384F00E93AF0 /* Subview */,
				FF5422C62807381200E93AF0 /* ImportView.swift */,
			);
			path = View;
			sourceTree = "<group>";
		};
		FF5422CA2807384F00E93AF0 /* Subview */ = {
			isa = PBXGroup;
			children = (
				FF5422C82807383F00E93AF0 /* ImportButton.swift */,
				FF6BD35A28396FA7007F846C /* CloseButton.swift */,
			);
			path = Subview;
			sourceTree = "<group>";
		};
		FF5422CC28073B2700E93AF0 /* Localizable */ = {
			isa = PBXGroup;
			children = (
				FF5422D128073B5900E93AF0 /* Localizable.strings */,
			);
			path = Localizable;
			sourceTree = "<group>";
		};
		FF5422D328073BB200E93AF0 /* Constants */ = {
			isa = PBXGroup;
			children = (
				FF5422D428073BD200E93AF0 /* ConstantString.swift */,
				FF05AD6C28172CAD001C9783 /* ConstantSize.swift */,
				FF05AD6E2818708C001C9783 /* ConstantColor.swift */,
			);
			path = Constants;
			sourceTree = "<group>";
		};
/* End PBXGroup section */

/* Begin PBXNativeTarget section */
		FF5422962801B5A600E93AF0 /* SPContacts */ = {
			isa = PBXNativeTarget;
			buildConfigurationList = FF5422AB2801B5A800E93AF0 /* Build configuration list for PBXNativeTarget "SPContacts" */;
			buildPhases = (
				FF5422932801B5A600E93AF0 /* Sources */,
				FF5422942801B5A600E93AF0 /* Frameworks */,
				FF5422952801B5A600E93AF0 /* Resources */,
			);
			buildRules = (
			);
			dependencies = (
			);
			name = SPContacts;
			productName = SPContacts;
			productReference = FF5422972801B5A600E93AF0 /* SPContacts.app */;
			productType = "com.apple.product-type.application";
		};
/* End PBXNativeTarget section */

/* Begin PBXProject section */
		FF54228F2801B5A600E93AF0 /* Project object */ = {
			isa = PBXProject;
			attributes = {
				BuildIndependentTargetsInParallel = 1;
				LastSwiftUpdateCheck = 1330;
				LastUpgradeCheck = 1330;
				TargetAttributes = {
					FF5422962801B5A600E93AF0 = {
						CreatedOnToolsVersion = 13.3;
					};
				};
			};
			buildConfigurationList = FF5422922801B5A600E93AF0 /* Build configuration list for PBXProject "SPContacts" */;
			compatibilityVersion = "Xcode 13.0";
			developmentRegion = en;
			hasScannedForEncodings = 0;
			knownRegions = (
				en,
				Base,
				ru,
			);
			mainGroup = FF54228E2801B5A500E93AF0;
			productRefGroup = FF5422982801B5A600E93AF0 /* Products */;
			projectDirPath = "";
			projectRoot = "";
			targets = (
				FF5422962801B5A600E93AF0 /* SPContacts */,
			);
		};
/* End PBXProject section */

/* Begin PBXResourcesBuildPhase section */
		FF5422952801B5A600E93AF0 /* Resources */ = {
			isa = PBXResourcesBuildPhase;
			buildActionMask = 2147483647;
			files = (
				FF5422A72801B5A800E93AF0 /* LaunchScreen.storyboard in Resources */,
				FFB3FD4F280751BF00B45D74 /* InfoPlist.strings in Resources */,
				FF5422CF28073B5900E93AF0 /* Localizable.strings in Resources */,
				FF5422A42801B5A800E93AF0 /* Assets.xcassets in Resources */,
			);
			runOnlyForDeploymentPostprocessing = 0;
		};
/* End PBXResourcesBuildPhase section */

/* Begin PBXSourcesBuildPhase section */
		FF5422932801B5A600E93AF0 /* Sources */ = {
			isa = PBXSourcesBuildPhase;
			buildActionMask = 2147483647;
			files = (
				FF5422D528073BD200E93AF0 /* ConstantString.swift in Sources */,
				FF5422B42801B8B300E93AF0 /* Contact.swift in Sources */,
				FF5422C72807381200E93AF0 /* ImportView.swift in Sources */,
				FF5422BC2804962700E93AF0 /* FetchableContacts.swift in Sources */,
				FF54229F2801B5A600E93AF0 /* ViewController.swift in Sources */,
				FF05AD6628171F31001C9783 /* ListViewController.swift in Sources */,
				FF54229B2801B5A600E93AF0 /* AppDelegate.swift in Sources */,
				FF5422BF280498DC00E93AF0 /* ContactStore+Ex.swift in Sources */,
				FF5422C92807383F00E93AF0 /* ImportButton.swift in Sources */,
				FF54229D2801B5A600E93AF0 /* SceneDelegate.swift in Sources */,
				FF05AD6F2818708C001C9783 /* ConstantColor.swift in Sources */,
				FF05AD6D28172CAD001C9783 /* ConstantSize.swift in Sources */,
				FF5422C52807359800E93AF0 /* ImportViewController.swift in Sources */,
				FF05AD6B281728FC001C9783 /* ListTableViewCell.swift in Sources */,
				FF6BD35B28396FA7007F846C /* CloseButton.swift in Sources */,
				FF05AD682817206F001C9783 /* ListView.swift in Sources */,
			);
			runOnlyForDeploymentPostprocessing = 0;
		};
/* End PBXSourcesBuildPhase section */

/* Begin PBXVariantGroup section */
		FF5422A52801B5A800E93AF0 /* LaunchScreen.storyboard */ = {
			isa = PBXVariantGroup;
			children = (
				FF5422A62801B5A800E93AF0 /* Base */,
			);
			name = LaunchScreen.storyboard;
			sourceTree = "<group>";
		};
		FF5422D128073B5900E93AF0 /* Localizable.strings */ = {
			isa = PBXVariantGroup;
			children = (
				FF5422D028073B5900E93AF0 /* en */,
				FF5422D228073B5C00E93AF0 /* ru */,
			);
			name = Localizable.strings;
			sourceTree = "<group>";
		};
		FFB3FD51280751BF00B45D74 /* InfoPlist.strings */ = {
			isa = PBXVariantGroup;
			children = (
				FFB3FD50280751BF00B45D74 /* en */,
				FFB3FD52280751C200B45D74 /* ru */,
			);
			name = InfoPlist.strings;
			sourceTree = "<group>";
		};
/* End PBXVariantGroup section */

/* Begin XCBuildConfiguration section */
		FF5422A92801B5A800E93AF0 /* Debug */ = {
			isa = XCBuildConfiguration;
			buildSettings = {
				ALWAYS_SEARCH_USER_PATHS = NO;
				CLANG_ANALYZER_LOCALIZABILITY_NONLOCALIZED = YES;
				CLANG_ANALYZER_NONNULL = YES;
				CLANG_ANALYZER_NUMBER_OBJECT_CONVERSION = YES_AGGRESSIVE;
				CLANG_CXX_LANGUAGE_STANDARD = "gnu++17";
				CLANG_ENABLE_MODULES = YES;
				CLANG_ENABLE_OBJC_ARC = YES;
				CLANG_ENABLE_OBJC_WEAK = YES;
				CLANG_WARN_BLOCK_CAPTURE_AUTORELEASING = YES;
				CLANG_WARN_BOOL_CONVERSION = YES;
				CLANG_WARN_COMMA = YES;
				CLANG_WARN_CONSTANT_CONVERSION = YES;
				CLANG_WARN_DEPRECATED_OBJC_IMPLEMENTATIONS = YES;
				CLANG_WARN_DIRECT_OBJC_ISA_USAGE = YES_ERROR;
				CLANG_WARN_DOCUMENTATION_COMMENTS = YES;
				CLANG_WARN_EMPTY_BODY = YES;
				CLANG_WARN_ENUM_CONVERSION = YES;
				CLANG_WARN_INFINITE_RECURSION = YES;
				CLANG_WARN_INT_CONVERSION = YES;
				CLANG_WARN_NON_LITERAL_NULL_CONVERSION = YES;
				CLANG_WARN_OBJC_IMPLICIT_RETAIN_SELF = YES;
				CLANG_WARN_OBJC_LITERAL_CONVERSION = YES;
				CLANG_WARN_OBJC_ROOT_CLASS = YES_ERROR;
				CLANG_WARN_QUOTED_INCLUDE_IN_FRAMEWORK_HEADER = YES;
				CLANG_WARN_RANGE_LOOP_ANALYSIS = YES;
				CLANG_WARN_STRICT_PROTOTYPES = YES;
				CLANG_WARN_SUSPICIOUS_MOVE = YES;
				CLANG_WARN_UNGUARDED_AVAILABILITY = YES_AGGRESSIVE;
				CLANG_WARN_UNREACHABLE_CODE = YES;
				CLANG_WARN__DUPLICATE_METHOD_MATCH = YES;
				COPY_PHASE_STRIP = NO;
				DEBUG_INFORMATION_FORMAT = dwarf;
				ENABLE_STRICT_OBJC_MSGSEND = YES;
				ENABLE_TESTABILITY = YES;
				GCC_C_LANGUAGE_STANDARD = gnu11;
				GCC_DYNAMIC_NO_PIC = NO;
				GCC_NO_COMMON_BLOCKS = YES;
				GCC_OPTIMIZATION_LEVEL = 0;
				GCC_PREPROCESSOR_DEFINITIONS = (
					"DEBUG=1",
					"$(inherited)",
				);
				GCC_WARN_64_TO_32_BIT_CONVERSION = YES;
				GCC_WARN_ABOUT_RETURN_TYPE = YES_ERROR;
				GCC_WARN_UNDECLARED_SELECTOR = YES;
				GCC_WARN_UNINITIALIZED_AUTOS = YES_AGGRESSIVE;
				GCC_WARN_UNUSED_FUNCTION = YES;
				GCC_WARN_UNUSED_VARIABLE = YES;
				IPHONEOS_DEPLOYMENT_TARGET = 15.4;
				MTL_ENABLE_DEBUG_INFO = INCLUDE_SOURCE;
				MTL_FAST_MATH = YES;
				ONLY_ACTIVE_ARCH = YES;
				SDKROOT = iphoneos;
				SWIFT_ACTIVE_COMPILATION_CONDITIONS = DEBUG;
				SWIFT_OPTIMIZATION_LEVEL = "-Onone";
			};
			name = Debug;
		};
		FF5422AA2801B5A800E93AF0 /* Release */ = {
			isa = XCBuildConfiguration;
			buildSettings = {
				ALWAYS_SEARCH_USER_PATHS = NO;
				CLANG_ANALYZER_LOCALIZABILITY_NONLOCALIZED = YES;
				CLANG_ANALYZER_NONNULL = YES;
				CLANG_ANALYZER_NUMBER_OBJECT_CONVERSION = YES_AGGRESSIVE;
				CLANG_CXX_LANGUAGE_STANDARD = "gnu++17";
				CLANG_ENABLE_MODULES = YES;
				CLANG_ENABLE_OBJC_ARC = YES;
				CLANG_ENABLE_OBJC_WEAK = YES;
				CLANG_WARN_BLOCK_CAPTURE_AUTORELEASING = YES;
				CLANG_WARN_BOOL_CONVERSION = YES;
				CLANG_WARN_COMMA = YES;
				CLANG_WARN_CONSTANT_CONVERSION = YES;
				CLANG_WARN_DEPRECATED_OBJC_IMPLEMENTATIONS = YES;
				CLANG_WARN_DIRECT_OBJC_ISA_USAGE = YES_ERROR;
				CLANG_WARN_DOCUMENTATION_COMMENTS = YES;
				CLANG_WARN_EMPTY_BODY = YES;
				CLANG_WARN_ENUM_CONVERSION = YES;
				CLANG_WARN_INFINITE_RECURSION = YES;
				CLANG_WARN_INT_CONVERSION = YES;
				CLANG_WARN_NON_LITERAL_NULL_CONVERSION = YES;
				CLANG_WARN_OBJC_IMPLICIT_RETAIN_SELF = YES;
				CLANG_WARN_OBJC_LITERAL_CONVERSION = YES;
				CLANG_WARN_OBJC_ROOT_CLASS = YES_ERROR;
				CLANG_WARN_QUOTED_INCLUDE_IN_FRAMEWORK_HEADER = YES;
				CLANG_WARN_RANGE_LOOP_ANALYSIS = YES;
				CLANG_WARN_STRICT_PROTOTYPES = YES;
				CLANG_WARN_SUSPICIOUS_MOVE = YES;
				CLANG_WARN_UNGUARDED_AVAILABILITY = YES_AGGRESSIVE;
				CLANG_WARN_UNREACHABLE_CODE = YES;
				CLANG_WARN__DUPLICATE_METHOD_MATCH = YES;
				COPY_PHASE_STRIP = NO;
				DEBUG_INFORMATION_FORMAT = "dwarf-with-dsym";
				ENABLE_NS_ASSERTIONS = NO;
				ENABLE_STRICT_OBJC_MSGSEND = YES;
				GCC_C_LANGUAGE_STANDARD = gnu11;
				GCC_NO_COMMON_BLOCKS = YES;
				GCC_WARN_64_TO_32_BIT_CONVERSION = YES;
				GCC_WARN_ABOUT_RETURN_TYPE = YES_ERROR;
				GCC_WARN_UNDECLARED_SELECTOR = YES;
				GCC_WARN_UNINITIALIZED_AUTOS = YES_AGGRESSIVE;
				GCC_WARN_UNUSED_FUNCTION = YES;
				GCC_WARN_UNUSED_VARIABLE = YES;
				IPHONEOS_DEPLOYMENT_TARGET = 15.4;
				MTL_ENABLE_DEBUG_INFO = NO;
				MTL_FAST_MATH = YES;
				SDKROOT = iphoneos;
				SWIFT_COMPILATION_MODE = wholemodule;
				SWIFT_OPTIMIZATION_LEVEL = "-O";
				VALIDATE_PRODUCT = YES;
			};
			name = Release;
		};
		FF5422AC2801B5A800E93AF0 /* Debug */ = {
			isa = XCBuildConfiguration;
			buildSettings = {
				ASSETCATALOG_COMPILER_APPICON_NAME = AppIcon;
				ASSETCATALOG_COMPILER_GLOBAL_ACCENT_COLOR_NAME = AccentColor;
				CODE_SIGN_STYLE = Automatic;
				CURRENT_PROJECT_VERSION = 1;
				DEVELOPMENT_TEAM = GUC8R3MZ99;
				GENERATE_INFOPLIST_FILE = YES;
				INFOPLIST_FILE = SPContacts/Info.plist;
				INFOPLIST_KEY_NSContactsUsageDescription = "";
				INFOPLIST_KEY_UIApplicationSupportsIndirectInputEvents = YES;
				INFOPLIST_KEY_UILaunchStoryboardName = LaunchScreen;
				INFOPLIST_KEY_UISupportedInterfaceOrientations_iPad = "UIInterfaceOrientationPortrait UIInterfaceOrientationPortraitUpsideDown UIInterfaceOrientationLandscapeLeft UIInterfaceOrientationLandscapeRight";
				INFOPLIST_KEY_UISupportedInterfaceOrientations_iPhone = "UIInterfaceOrientationPortrait UIInterfaceOrientationLandscapeLeft UIInterfaceOrientationLandscapeRight";
				IPHONEOS_DEPLOYMENT_TARGET = 14.0;
				LD_RUNPATH_SEARCH_PATHS = (
					"$(inherited)",
					"@executable_path/Frameworks",
				);
				MARKETING_VERSION = 1.0;
				PRODUCT_BUNDLE_IDENTIFIER = sergey.parfenchyk.SPContacts;
				PRODUCT_NAME = "$(TARGET_NAME)";
				SWIFT_EMIT_LOC_STRINGS = YES;
				SWIFT_VERSION = 5.0;
				TARGETED_DEVICE_FAMILY = 1;
			};
			name = Debug;
		};
		FF5422AD2801B5A800E93AF0 /* Release */ = {
			isa = XCBuildConfiguration;
			buildSettings = {
				ASSETCATALOG_COMPILER_APPICON_NAME = AppIcon;
				ASSETCATALOG_COMPILER_GLOBAL_ACCENT_COLOR_NAME = AccentColor;
				CODE_SIGN_STYLE = Automatic;
				CURRENT_PROJECT_VERSION = 1;
				DEVELOPMENT_TEAM = GUC8R3MZ99;
				GENERATE_INFOPLIST_FILE = YES;
				INFOPLIST_FILE = SPContacts/Info.plist;
				INFOPLIST_KEY_NSContactsUsageDescription = "";
				INFOPLIST_KEY_UIApplicationSupportsIndirectInputEvents = YES;
				INFOPLIST_KEY_UILaunchStoryboardName = LaunchScreen;
				INFOPLIST_KEY_UISupportedInterfaceOrientations_iPad = "UIInterfaceOrientationPortrait UIInterfaceOrientationPortraitUpsideDown UIInterfaceOrientationLandscapeLeft UIInterfaceOrientationLandscapeRight";
				INFOPLIST_KEY_UISupportedInterfaceOrientations_iPhone = "UIInterfaceOrientationPortrait UIInterfaceOrientationLandscapeLeft UIInterfaceOrientationLandscapeRight";
				IPHONEOS_DEPLOYMENT_TARGET = 14.0;
				LD_RUNPATH_SEARCH_PATHS = (
					"$(inherited)",
					"@executable_path/Frameworks",
				);
				MARKETING_VERSION = 1.0;
				PRODUCT_BUNDLE_IDENTIFIER = sergey.parfenchyk.SPContacts;
				PRODUCT_NAME = "$(TARGET_NAME)";
				SWIFT_EMIT_LOC_STRINGS = YES;
				SWIFT_VERSION = 5.0;
				TARGETED_DEVICE_FAMILY = 1;
			};
			name = Release;
		};
/* End XCBuildConfiguration section */

/* Begin XCConfigurationList section */
		FF5422922801B5A600E93AF0 /* Build configuration list for PBXProject "SPContacts" */ = {
			isa = XCConfigurationList;
			buildConfigurations = (
				FF5422A92801B5A800E93AF0 /* Debug */,
				FF5422AA2801B5A800E93AF0 /* Release */,
			);
			defaultConfigurationIsVisible = 0;
			defaultConfigurationName = Release;
		};
		FF5422AB2801B5A800E93AF0 /* Build configuration list for PBXNativeTarget "SPContacts" */ = {
			isa = XCConfigurationList;
			buildConfigurations = (
				FF5422AC2801B5A800E93AF0 /* Debug */,
				FF5422AD2801B5A800E93AF0 /* Release */,
			);
			defaultConfigurationIsVisible = 0;
			defaultConfigurationName = Release;
		};
/* End XCConfigurationList section */
	};
	rootObject = FF54228F2801B5A600E93AF0 /* Project object */;
}
